# This file was autogenerated by Stack.
# You should not edit this file by hand.
# For more information, please see the documentation at:
#   https://docs.haskellstack.org/en/stable/lock_files

packages:
- completed:
    hackage: llvm-hs-8.0.0@sha256:bca4c990e355cb4d2ed02d22dd076fe84ffc76f7b5330797c54ff449037a9efc,8700
    pantry-tree:
      size: 13599
      sha256: 9c3b4bce92757a26cf7cb7981eae1f5ed3dbf9c64fbace19e2d65175d031b97c
  original:
    hackage: llvm-hs-8.0.0
- completed:
    hackage: llvm-hs-pure-8.0.0@sha256:8ccfdbbf0a5678f56d88f3e623da8e0e2937439988e06021cfd6874adf29226c,2945
    pantry-tree:
      size: 2601
      sha256: 2f59a247f6b9571627575e4ac5ea8a33aac6f1eb5ee8537f9e26fd7a4cbf1e28
  original:
    hackage: llvm-hs-pure-8.0.0
- completed:
    size: 43009
    url: https://github.com/llvm-hs/llvm-hs-pretty/archive/c0a3ee7180d1ab846e884955a7019d480c472cc0.tar.gz
    cabal-file:
      size: 1670
      sha256: a1e0cd7ca2dbc87ba8385d9ca159fb2c46e0299c4d6b2cd20f0e6cac06061f53
    name: llvm-hs-pretty
    version: 0.6.1.0
    sha256: 1fc94c7ae387af52dde8468ab2b76de82f890c0ed8f024d6da2770d66a613998
    pantry-tree:
      size: 5153
      sha256: c42b5a0d3c2ea3b532c252698e1cf333f68427188bc274ac94e29d5dbb47f913
  original:
    url: https://github.com/llvm-hs/llvm-hs-pretty/archive/c0a3ee7180d1ab846e884955a7019d480c472cc0.tar.gz
snapshots:
- completed:
    size: 500539
    url: https://raw.githubusercontent.com/commercialhaskell/stackage-snapshots/master/lts/13/29.yaml
    sha256: 006398c5e92d1d64737b7e98ae4d63987c36808814504d1451f56ebd98093f75
  original: lts-13.29
